// !$*UTF8*$!
{
	archiveVersion = 1;
	classes = {
	};
	objectVersion = 42;
	objects = {

/* Begin PBXBuildFile section */
		39481E8308179428006AFCE1 /* if2k_dynbuf.cpp in Sources */ = {isa = PBXBuildFile; fileRef = 39481E8208179428006AFCE1 /* if2k_dynbuf.cpp */; };
		39925CED081AC1AF00F5ECD3 /* if2k_multiscanner.h in Headers */ = {isa = PBXBuildFile; fileRef = 39925CEC081AC1AF00F5ECD3 /* if2k_multiscanner.h */; };
		39925CEF081AC1C700F5ECD3 /* if2k_multiscanner.cpp in Sources */ = {isa = PBXBuildFile; fileRef = 39925CEE081AC1C700F5ECD3 /* if2k_multiscanner.cpp */; };
		39C8518108177FC500773986 /* if2k_buf.h in Headers */ = {isa = PBXBuildFile; fileRef = 39C8516A08177FC500773986 /* if2k_buf.h */; };
		39C8518208177FC500773986 /* if2k_buf_macosx.h in Headers */ = {isa = PBXBuildFile; fileRef = 39C8516B08177FC500773986 /* if2k_buf_macosx.h */; };
		39C8518308177FC500773986 /* if2k_compile.h in Headers */ = {isa = PBXBuildFile; fileRef = 39C8516C08177FC500773986 /* if2k_compile.h */; };
		39C8518408177FC500773986 /* if2k_dynbuf.h in Headers */ = {isa = PBXBuildFile; fileRef = 39C8516D08177FC500773986 /* if2k_dynbuf.h */; };
		39C8518508177FC500773986 /* if2k_mmap_buf.h in Headers */ = {isa = PBXBuildFile; fileRef = 39C8516E08177FC500773986 /* if2k_mmap_buf.h */; };
		39C8518608177FC500773986 /* if2k_pattern_expander.h in Headers */ = {isa = PBXBuildFile; fileRef = 39C8516F08177FC500773986 /* if2k_pattern_expander.h */; };
		39C8518708177FC500773986 /* if2k_scanner.h in Headers */ = {isa = PBXBuildFile; fileRef = 39C8517008177FC500773986 /* if2k_scanner.h */; };
		39C8518808177FC500773986 /* if2k_string.h in Headers */ = {isa = PBXBuildFile; fileRef = 39C8517108177FC500773986 /* if2k_string.h */; };
		39C8518908177FC500773986 /* if2k_tree.h in Headers */ = {isa = PBXBuildFile; fileRef = 39C8517208177FC500773986 /* if2k_tree.h */; };
		39C8518A08177FC500773986 /* if2k_treebase.h in Headers */ = {isa = PBXBuildFile; fileRef = 39C8517308177FC500773986 /* if2k_treebase.h */; };
		39C8518B08177FC500773986 /* if2k_util.h in Headers */ = {isa = PBXBuildFile; fileRef = 39C8517408177FC500773986 /* if2k_util.h */; };
		39C8518C08177FC500773986 /* if2k_world.h in Headers */ = {isa = PBXBuildFile; fileRef = 39C8517508177FC500773986 /* if2k_world.h */; };
		39C8518D08177FC500773986 /* if2k_buf.cpp in Sources */ = {isa = PBXBuildFile; fileRef = 39C8517708177FC500773986 /* if2k_buf.cpp */; };
		39C8518E08177FC500773986 /* if2k_buf_macosx.cpp in Sources */ = {isa = PBXBuildFile; fileRef = 39C8517808177FC500773986 /* if2k_buf_macosx.cpp */; };
		39C8518F08177FC500773986 /* if2k_compile.cpp in Sources */ = {isa = PBXBuildFile; fileRef = 39C8517908177FC500773986 /* if2k_compile.cpp */; };
		39C8519008177FC500773986 /* if2k_mmap_buf.cpp in Sources */ = {isa = PBXBuildFile; fileRef = 39C8517A08177FC500773986 /* if2k_mmap_buf.cpp */; };
		39C8519108177FC500773986 /* if2k_pattern_expander.cpp in Sources */ = {isa = PBXBuildFile; fileRef = 39C8517B08177FC500773986 /* if2k_pattern_expander.cpp */; };
		39C8519208177FC500773986 /* if2k_scanner.cpp in Sources */ = {isa = PBXBuildFile; fileRef = 39C8517C08177FC500773986 /* if2k_scanner.cpp */; };
		39C8519308177FC500773986 /* if2k_tree.cpp in Sources */ = {isa = PBXBuildFile; fileRef = 39C8517D08177FC500773986 /* if2k_tree.cpp */; };
		39C8519408177FC500773986 /* if2k_treebase.cpp in Sources */ = {isa = PBXBuildFile; fileRef = 39C8517E08177FC500773986 /* if2k_treebase.cpp */; };
		39C8519508177FC500773986 /* if2k_util.cpp in Sources */ = {isa = PBXBuildFile; fileRef = 39C8517F08177FC500773986 /* if2k_util.cpp */; };
		39C8519608177FC500773986 /* if2k_world.cpp in Sources */ = {isa = PBXBuildFile; fileRef = 39C8518008177FC500773986 /* if2k_world.cpp */; };
/* End PBXBuildFile section */

/* Begin PBXFileReference section */
		39481E8208179428006AFCE1 /* if2k_dynbuf.cpp */ = {isa = PBXFileReference; fileEncoding = 30; lastKnownFileType = sourcecode.cpp.cpp; path = if2k_dynbuf.cpp; sourceTree = "<group>"; };
		39925CEC081AC1AF00F5ECD3 /* if2k_multiscanner.h */ = {isa = PBXFileReference; fileEncoding = 30; lastKnownFileType = sourcecode.c.h; path = if2k_multiscanner.h; sourceTree = "<group>"; };
		39925CEE081AC1C700F5ECD3 /* if2k_multiscanner.cpp */ = {isa = PBXFileReference; fileEncoding = 30; lastKnownFileType = sourcecode.cpp.cpp; path = if2k_multiscanner.cpp; sourceTree = "<group>"; };
		39C8516A08177FC500773986 /* if2k_buf.h */ = {isa = PBXFileReference; fileEncoding = 30; lastKnownFileType = sourcecode.c.h; path = if2k_buf.h; sourceTree = "<group>"; };
		39C8516B08177FC500773986 /* if2k_buf_macosx.h */ = {isa = PBXFileReference; fileEncoding = 30; lastKnownFileType = sourcecode.c.h; path = if2k_buf_macosx.h; sourceTree = "<group>"; };
		39C8516C08177FC500773986 /* if2k_compile.h */ = {isa = PBXFileReference; fileEncoding = 30; lastKnownFileType = sourcecode.c.h; path = if2k_compile.h; sourceTree = "<group>"; };
		39C8516D08177FC500773986 /* if2k_dynbuf.h */ = {isa = PBXFileReference; fileEncoding = 30; lastKnownFileType = sourcecode.c.h; path = if2k_dynbuf.h; sourceTree = "<group>"; };
		39C8516E08177FC500773986 /* if2k_mmap_buf.h */ = {isa = PBXFileReference; fileEncoding = 30; lastKnownFileType = sourcecode.c.h; path = if2k_mmap_buf.h; sourceTree = "<group>"; };
		39C8516F08177FC500773986 /* if2k_pattern_expander.h */ = {isa = PBXFileReference; fileEncoding = 30; lastKnownFileType = sourcecode.c.h; path = if2k_pattern_expander.h; sourceTree = "<group>"; };
		39C8517008177FC500773986 /* if2k_scanner.h */ = {isa = PBXFileReference; fileEncoding = 30; lastKnownFileType = sourcecode.c.h; path = if2k_scanner.h; sourceTree = "<group>"; };
		39C8517108177FC500773986 /* if2k_string.h */ = {isa = PBXFileReference; fileEncoding = 30; lastKnownFileType = sourcecode.c.h; path = if2k_string.h; sourceTree = "<group>"; };
		39C8517208177FC500773986 /* if2k_tree.h */ = {isa = PBXFileReference; fileEncoding = 30; lastKnownFileType = sourcecode.c.h; path = if2k_tree.h; sourceTree = "<group>"; };
		39C8517308177FC500773986 /* if2k_treebase.h */ = {isa = PBXFileReference; fileEncoding = 30; lastKnownFileType = sourcecode.c.h; path = if2k_treebase.h; sourceTree = "<group>"; };
		39C8517408177FC500773986 /* if2k_util.h */ = {isa = PBXFileReference; fileEncoding = 30; lastKnownFileType = sourcecode.c.h; path = if2k_util.h; sourceTree = "<group>"; };
		39C8517508177FC500773986 /* if2k_world.h */ = {isa = PBXFileReference; fileEncoding = 30; lastKnownFileType = sourcecode.c.h; path = if2k_world.h; sourceTree = "<group>"; };
		39C8517708177FC500773986 /* if2k_buf.cpp */ = {isa = PBXFileReference; fileEncoding = 30; lastKnownFileType = sourcecode.cpp.cpp; path = if2k_buf.cpp; sourceTree = "<group>"; };
		39C8517808177FC500773986 /* if2k_buf_macosx.cpp */ = {isa = PBXFileReference; fileEncoding = 30; lastKnownFileType = sourcecode.cpp.cpp; path = if2k_buf_macosx.cpp; sourceTree = "<group>"; };
		39C8517908177FC500773986 /* if2k_compile.cpp */ = {isa = PBXFileReference; fileEncoding = 30; lastKnownFileType = sourcecode.cpp.cpp; path = if2k_compile.cpp; sourceTree = "<group>"; };
		39C8517A08177FC500773986 /* if2k_mmap_buf.cpp */ = {isa = PBXFileReference; fileEncoding = 30; lastKnownFileType = sourcecode.cpp.cpp; path = if2k_mmap_buf.cpp; sourceTree = "<group>"; };
		39C8517B08177FC500773986 /* if2k_pattern_expander.cpp */ = {isa = PBXFileReference; fileEncoding = 30; lastKnownFileType = sourcecode.cpp.cpp; path = if2k_pattern_expander.cpp; sourceTree = "<group>"; };
		39C8517C08177FC500773986 /* if2k_scanner.cpp */ = {isa = PBXFileReference; fileEncoding = 30; lastKnownFileType = sourcecode.cpp.cpp; path = if2k_scanner.cpp; sourceTree = "<group>"; };
		39C8517D08177FC500773986 /* if2k_tree.cpp */ = {isa = PBXFileReference; fileEncoding = 30; lastKnownFileType = sourcecode.cpp.cpp; path = if2k_tree.cpp; sourceTree = "<group>"; };
		39C8517E08177FC500773986 /* if2k_treebase.cpp */ = {isa = PBXFileReference; fileEncoding = 30; lastKnownFileType = sourcecode.cpp.cpp; path = if2k_treebase.cpp; sourceTree = "<group>"; };
		39C8517F08177FC500773986 /* if2k_util.cpp */ = {isa = PBXFileReference; fileEncoding = 30; lastKnownFileType = sourcecode.cpp.cpp; path = if2k_util.cpp; sourceTree = "<group>"; };
		39C8518008177FC500773986 /* if2k_world.cpp */ = {isa = PBXFileReference; fileEncoding = 30; lastKnownFileType = sourcecode.cpp.cpp; path = if2k_world.cpp; sourceTree = "<group>"; };
		D2AAC046055464E500DB518D /* libif2kkernel.a */ = {isa = PBXFileReference; explicitFileType = archive.ar; includeInIndex = 0; path = libif2kkernel.a; sourceTree = BUILT_PRODUCTS_DIR; };
/* End PBXFileReference section */

/* Begin PBXFrameworksBuildPhase section */
		D289987405E68DCB004EDB86 /* Frameworks */ = {
			isa = PBXFrameworksBuildPhase;
			buildActionMask = 2147483647;
			files = (
			);
			runOnlyForDeploymentPostprocessing = 0;
		};
/* End PBXFrameworksBuildPhase section */

/* Begin PBXGroup section */
		08FB7794FE84155DC02AAC07 /* if2kkernel */ = {
			isa = PBXGroup;
			children = (
				08FB7795FE84155DC02AAC07 /* Source */,
				C6A0FF2B0290797F04C91782 /* Documentation */,
				1AB674ADFE9D54B511CA2CBB /* Products */,
			);
			name = if2kkernel;
			sourceTree = "<group>";
		};
		08FB7795FE84155DC02AAC07 /* Source */ = {
			isa = PBXGroup;
			children = (
				39C8516908177FC500773986 /* include */,
				39C8517608177FC500773986 /* src */,
			);
			name = Source;
			sourceTree = "<group>";
		};
		1AB674ADFE9D54B511CA2CBB /* Products */ = {
			isa = PBXGroup;
			children = (
				D2AAC046055464E500DB518D /* libif2kkernel.a */,
			);
			name = Products;
			sourceTree = "<group>";
		};
		39C8516908177FC500773986 /* include */ = {
			isa = PBXGroup;
			children = (
				39C8516A08177FC500773986 /* if2k_buf.h */,
				39C8516B08177FC500773986 /* if2k_buf_macosx.h */,
				39C8516C08177FC500773986 /* if2k_compile.h */,
				39C8516D08177FC500773986 /* if2k_dynbuf.h */,
				39C8516E08177FC500773986 /* if2k_mmap_buf.h */,
				39925CEC081AC1AF00F5ECD3 /* if2k_multiscanner.h */,
				39C8516F08177FC500773986 /* if2k_pattern_expander.h */,
				39C8517008177FC500773986 /* if2k_scanner.h */,
				39C8517108177FC500773986 /* if2k_string.h */,
				39C8517208177FC500773986 /* if2k_tree.h */,
				39C8517308177FC500773986 /* if2k_treebase.h */,
				39C8517408177FC500773986 /* if2k_util.h */,
				39C8517508177FC500773986 /* if2k_world.h */,
			);
			name = include;
			path = ../../../include;
			sourceTree = SOURCE_ROOT;
		};
		39C8517608177FC500773986 /* src */ = {
			isa = PBXGroup;
			children = (
				39481E8208179428006AFCE1 /* if2k_dynbuf.cpp */,
				39C8517708177FC500773986 /* if2k_buf.cpp */,
				39C8517808177FC500773986 /* if2k_buf_macosx.cpp */,
				39C8517908177FC500773986 /* if2k_compile.cpp */,
				39C8517A08177FC500773986 /* if2k_mmap_buf.cpp */,
				39925CEE081AC1C700F5ECD3 /* if2k_multiscanner.cpp */,
				39C8517B08177FC500773986 /* if2k_pattern_expander.cpp */,
				39C8517C08177FC500773986 /* if2k_scanner.cpp */,
				39C8517D08177FC500773986 /* if2k_tree.cpp */,
				39C8517E08177FC500773986 /* if2k_treebase.cpp */,
				39C8517F08177FC500773986 /* if2k_util.cpp */,
				39C8518008177FC500773986 /* if2k_world.cpp */,
			);
			name = src;
			path = ../../../src;
			sourceTree = SOURCE_ROOT;
		};
		C6A0FF2B0290797F04C91782 /* Documentation */ = {
			isa = PBXGroup;
			children = (
			);
			name = Documentation;
			sourceTree = "<group>";
		};
/* End PBXGroup section */

/* Begin PBXHeadersBuildPhase section */
		D2AAC043055464E500DB518D /* Headers */ = {
			isa = PBXHeadersBuildPhase;
			buildActionMask = 2147483647;
			files = (
				39C8518108177FC500773986 /* if2k_buf.h in Headers */,
				39C8518208177FC500773986 /* if2k_buf_macosx.h in Headers */,
				39C8518308177FC500773986 /* if2k_compile.h in Headers */,
				39C8518408177FC500773986 /* if2k_dynbuf.h in Headers */,
				39C8518508177FC500773986 /* if2k_mmap_buf.h in Headers */,
				39C8518608177FC500773986 /* if2k_pattern_expander.h in Headers */,
				39C8518708177FC500773986 /* if2k_scanner.h in Headers */,
				39C8518808177FC500773986 /* if2k_string.h in Headers */,
				39C8518908177FC500773986 /* if2k_tree.h in Headers */,
				39C8518A08177FC500773986 /* if2k_treebase.h in Headers */,
				39C8518B08177FC500773986 /* if2k_util.h in Headers */,
				39C8518C08177FC500773986 /* if2k_world.h in Headers */,
				39925CED081AC1AF00F5ECD3 /* if2k_multiscanner.h in Headers */,
			);
			runOnlyForDeploymentPostprocessing = 0;
		};
/* End PBXHeadersBuildPhase section */

/* Begin PBXNativeTarget section */
		D2AAC045055464E500DB518D /* if2kkernel */ = {
			isa = PBXNativeTarget;
			buildConfigurationList = BF2C681108E71C2E00BE5514 /* Build configuration list for PBXNativeTarget "if2kkernel" */;
			buildPhases = (
				D2AAC043055464E500DB518D /* Headers */,
				D2AAC044055464E500DB518D /* Sources */,
				D289987405E68DCB004EDB86 /* Frameworks */,
			);
			buildRules = (
			);
			dependencies = (
			);
			name = if2kkernel;
			productName = if2kkernel;
			productReference = D2AAC046055464E500DB518D /* libif2kkernel.a */;
			productType = "com.apple.product-type.library.static";
		};
/* End PBXNativeTarget section */

/* Begin PBXProject section */
		08FB7793FE84155DC02AAC07 /* Project object */ = {
			isa = PBXProject;
			buildConfigurationList = BF2C681508E71C2E00BE5514 /* Build configuration list for PBXProject "if2kkernel" */;
			hasScannedForEncodings = 1;
			mainGroup = 08FB7794FE84155DC02AAC07 /* if2kkernel */;
			projectDirPath = "";
			targets = (
				D2AAC045055464E500DB518D /* if2kkernel */,
			);
		};
/* End PBXProject section */

/* Begin PBXSourcesBuildPhase section */
		D2AAC044055464E500DB518D /* Sources */ = {
			isa = PBXSourcesBuildPhase;
			buildActionMask = 2147483647;
			files = (
				39C8518D08177FC500773986 /* if2k_buf.cpp in Sources */,
				39C8518E08177FC500773986 /* if2k_buf_macosx.cpp in Sources */,
				39C8518F08177FC500773986 /* if2k_compile.cpp in Sources */,
				39C8519008177FC500773986 /* if2k_mmap_buf.cpp in Sources */,
				39C8519108177FC500773986 /* if2k_pattern_expander.cpp in Sources */,
				39C8519208177FC500773986 /* if2k_scanner.cpp in Sources */,
				39C8519308177FC500773986 /* if2k_tree.cpp in Sources */,
				39C8519408177FC500773986 /* if2k_treebase.cpp in Sources */,
				39C8519508177FC500773986 /* if2k_util.cpp in Sources */,
				39C8519608177FC500773986 /* if2k_world.cpp in Sources */,
				39481E8308179428006AFCE1 /* if2k_dynbuf.cpp in Sources */,
				39925CEF081AC1C700F5ECD3 /* if2k_multiscanner.cpp in Sources */,
			);
			runOnlyForDeploymentPostprocessing = 0;
		};
/* End PBXSourcesBuildPhase section */

/* Begin XCBuildConfiguration section */
		BF2C681208E71C2E00BE5514 /* Development */ = {
			isa = XCBuildConfiguration;
			buildSettings = {
				COPY_PHASE_STRIP = NO;
				GCC_DYNAMIC_NO_PIC = NO;
				GCC_ENABLE_FIX_AND_CONTINUE = YES;
				GCC_GENERATE_DEBUGGING_SYMBOLS = YES;
				GCC_OPTIMIZATION_LEVEL = 0;
				INSTALL_PATH = /usr/local/lib;
				LIBRARY_STYLE = STATIC;
				PRODUCT_NAME = if2kkernel;
				ZERO_LINK = YES;
			};
			name = Development;
		};
		BF2C681308E71C2E00BE5514 /* Deployment */ = {
			isa = XCBuildConfiguration;
			buildSettings = {
				COPY_PHASE_STRIP = YES;
				GCC_ENABLE_FIX_AND_CONTINUE = NO;
				GCC_GENERATE_DEBUGGING_SYMBOLS = NO;
				INSTALL_PATH = /usr/local/lib;
				LIBRARY_STYLE = STATIC;
				PRODUCT_NAME = if2kkernel;
				ZERO_LINK = NO;
			};
			name = Deployment;
		};
		BF2C681408E71C2E00BE5514 /* Default */ = {
			isa = XCBuildConfiguration;
			buildSettings = {
				GCC_GENERATE_DEBUGGING_SYMBOLS = NO;
				INSTALL_PATH = /usr/local/lib;
				LIBRARY_STYLE = STATIC;
				PRODUCT_NAME = if2kkernel;
			};
			name = Default;
		};
		BF2C681608E71C2E00BE5514 /* Development */ = {
			isa = XCBuildConfiguration;
			buildSettings = {
				ARCHS = (
					ppc,
					i386,
				);
				HEADER_SEARCH_PATHS = ../../include;
				MACOSX_DEPLOYMENT_TARGET = 10.4;
				SDKROOT = /Developer/SDKs/MacOSX10.4u.sdk;
			};
			name = Development;
		};
		BF2C681708E71C2E00BE5514 /* Deployment */ = {
			isa = XCBuildConfiguration;
			buildSettings = {
				ARCHS = (
					ppc,
					i386,
				);
				HEADER_SEARCH_PATHS = ../../include;
				MACOSX_DEPLOYMENT_TARGET = 10.4;
				SDKROOT = /Developer/SDKs/MacOSX10.4u.sdk;
			};
			name = Deployment;
		};
		BF2C681808E71C2E00BE5514 /* Default */ = {
			isa = XCBuildConfiguration;
			buildSettings = {
				ARCHS = (
					ppc,
					i386,
				);
				HEADER_SEARCH_PATHS = ../../include;
				MACOSX_DEPLOYMENT_TARGET = 10.4;
				SDKROOT = /Developer/SDKs/MacOSX10.4u.sdk;
			};
			name = Default;
		};
/* End XCBuildConfiguration section */

/* Begin XCConfigurationList section */
		BF2C681108E71C2E00BE5514 /* Build configuration list for PBXNativeTarget "if2kkernel" */ = {
			isa = XCConfigurationList;
			buildConfigurations = (
				BF2C681208E71C2E00BE5514 /* Development */,
				BF2C681308E71C2E00BE5514 /* Deployment */,
				BF2C681408E71C2E00BE5514 /* Default */,
			);
			defaultConfigurationIsVisible = 0;
			defaultConfigurationName = Default;
		};
		BF2C681508E71C2E00BE5514 /* Build configuration list for PBXProject "if2kkernel" */ = {
			isa = XCConfigurationList;
			buildConfigurations = (
				BF2C681608E71C2E00BE5514 /* Development */,
				BF2C681708E71C2E00BE5514 /* Deployment */,
				BF2C681808E71C2E00BE5514 /* Default */,
			);
			defaultConfigurationIsVisible = 0;
			defaultConfigurationName = Default;
		};
/* End XCConfigurationList section */
	};
	rootObject = 08FB7793FE84155DC02AAC07 /* Project object */;
}
