// !$*UTF8*$!
{
	archiveVersion = 1;
	classes = {
	};
	objectVersion = 42;
	objects = {

/* Begin PBXAggregateTarget section */
		BF9901850B14A1670093EE54 /* all */ = {
			isa = PBXAggregateTarget;
			buildConfigurationList = BF9901980B14A1E60093EE54 /* Build configuration list for PBXAggregateTarget "all" */;
			buildPhases = (
			);
			dependencies = (
				BF99018D0B14A17F0093EE54 /* PBXTargetDependency */,
				BF9901890B14A1780093EE54 /* PBXTargetDependency */,
				BF99018B0B14A17B0093EE54 /* PBXTargetDependency */,
				BF9901870B14A1750093EE54 /* PBXTargetDependency */,
			);
			name = all;
			productName = all;
		};
/* End PBXAggregateTarget section */

/* Begin PBXBuildFile section */
		3921AC50081B42630087A4A3 /* if2ktool_compile_all.cpp in Sources */ = {isa = PBXBuildFile; fileRef = 39C906890818B7750013D9C8 /* if2ktool_compile_all.cpp */; };
		396B630B081B3FFD00979475 /* if2ktool_expander.cpp in Sources */ = {isa = PBXBuildFile; fileRef = 3991AA95081B37FC006FD042 /* if2ktool_expander.cpp */; };
		39925CE7081AC0DE00F5ECD3 /* if2ktool_findmatch.cpp in Sources */ = {isa = PBXBuildFile; fileRef = 39925CE6081AC0DE00F5ECD3 /* if2ktool_findmatch.cpp */; };
		39C7A98608185DF300624125 /* if2ktool_compile.cpp in Sources */ = {isa = PBXBuildFile; fileRef = 39C7A98508185DF300624125 /* if2ktool_compile.cpp */; };
		BF99015C0B14A09D0093EE54 /* libif2kkernel.a in Frameworks */ = {isa = PBXBuildFile; fileRef = BF75775B08E71C94001747B5 /* libif2kkernel.a */; };
		BF99015D0B14A0A10093EE54 /* libif2kkernel.a in Frameworks */ = {isa = PBXBuildFile; fileRef = BF75775B08E71C94001747B5 /* libif2kkernel.a */; };
		BF99015E0B14A0A50093EE54 /* libif2kkernel.a in Frameworks */ = {isa = PBXBuildFile; fileRef = BF75775B08E71C94001747B5 /* libif2kkernel.a */; };
		BF99015F0B14A0AC0093EE54 /* libif2kkernel.a in Frameworks */ = {isa = PBXBuildFile; fileRef = BF75775B08E71C94001747B5 /* libif2kkernel.a */; };
/* End PBXBuildFile section */

/* Begin PBXContainerItemProxy section */
		BF75775A08E71C94001747B5 /* PBXContainerItemProxy */ = {
			isa = PBXContainerItemProxy;
			containerPortal = 39C7A98708185E0400624125 /* if2kkernel.xcodeproj */;
			proxyType = 2;
			remoteGlobalIDString = D2AAC046055464E500DB518D;
			remoteInfo = if2kkernel;
		};
		BF9901700B14A1160093EE54 /* PBXContainerItemProxy */ = {
			isa = PBXContainerItemProxy;
			containerPortal = 39C7A98708185E0400624125 /* if2kkernel.xcodeproj */;
			proxyType = 1;
			remoteGlobalIDString = D2AAC045055464E500DB518D /* if2kkernel */;
			remoteInfo = if2kkernel;
		};
		BF9901740B14A11F0093EE54 /* PBXContainerItemProxy */ = {
			isa = PBXContainerItemProxy;
			containerPortal = 39C7A98708185E0400624125 /* if2kkernel.xcodeproj */;
			proxyType = 1;
			remoteGlobalIDString = D2AAC045055464E500DB518D /* if2kkernel */;
			remoteInfo = if2kkernel;
		};
		BF9901780B14A1270093EE54 /* PBXContainerItemProxy */ = {
			isa = PBXContainerItemProxy;
			containerPortal = 39C7A98708185E0400624125 /* if2kkernel.xcodeproj */;
			proxyType = 1;
			remoteGlobalIDString = D2AAC045055464E500DB518D /* if2kkernel */;
			remoteInfo = if2kkernel;
		};
		BF99017C0B14A1310093EE54 /* PBXContainerItemProxy */ = {
			isa = PBXContainerItemProxy;
			containerPortal = 39C7A98708185E0400624125 /* if2kkernel.xcodeproj */;
			proxyType = 1;
			remoteGlobalIDString = D2AAC045055464E500DB518D /* if2kkernel */;
			remoteInfo = if2kkernel;
		};
		BF9901860B14A1750093EE54 /* PBXContainerItemProxy */ = {
			isa = PBXContainerItemProxy;
			containerPortal = 39C7A97908185D8800624125 /* Project object */;
			proxyType = 1;
			remoteGlobalIDString = 39C7A98108185DC200624125 /* if2ktool_compile */;
			remoteInfo = if2ktool_compile;
		};
		BF9901880B14A1780093EE54 /* PBXContainerItemProxy */ = {
			isa = PBXContainerItemProxy;
			containerPortal = 39C7A97908185D8800624125 /* Project object */;
			proxyType = 1;
			remoteGlobalIDString = 3921AC4D081B42500087A4A3 /* if2ktool_compile_all */;
			remoteInfo = if2ktool_compile_all;
		};
		BF99018A0B14A17B0093EE54 /* PBXContainerItemProxy */ = {
			isa = PBXContainerItemProxy;
			containerPortal = 39C7A97908185D8800624125 /* Project object */;
			proxyType = 1;
			remoteGlobalIDString = 396B6308081B3FE700979475 /* if2ktool_expander */;
			remoteInfo = if2ktool_expander;
		};
		BF99018C0B14A17F0093EE54 /* PBXContainerItemProxy */ = {
			isa = PBXContainerItemProxy;
			containerPortal = 39C7A97908185D8800624125 /* Project object */;
			proxyType = 1;
			remoteGlobalIDString = 39925CDE081AC09200F5ECD3 /* if2ktool_findmatch */;
			remoteInfo = if2ktool_findmatch;
		};
/* End PBXContainerItemProxy section */

/* Begin PBXFileReference section */
		3921AC4E081B42500087A4A3 /* if2ktool_compile_all */ = {isa = PBXFileReference; explicitFileType = "compiled.mach-o.executable"; includeInIndex = 0; path = if2ktool_compile_all; sourceTree = BUILT_PRODUCTS_DIR; };
		396B6309081B3FE700979475 /* if2ktool_expander */ = {isa = PBXFileReference; explicitFileType = "compiled.mach-o.executable"; includeInIndex = 0; path = if2ktool_expander; sourceTree = BUILT_PRODUCTS_DIR; };
		3991AA95081B37FC006FD042 /* if2ktool_expander.cpp */ = {isa = PBXFileReference; fileEncoding = 30; lastKnownFileType = sourcecode.cpp.cpp; name = if2ktool_expander.cpp; path = ../../tools/if2ktool_expander.cpp; sourceTree = SOURCE_ROOT; };
		39925CDF081AC09200F5ECD3 /* if2ktool_findmatch */ = {isa = PBXFileReference; explicitFileType = "compiled.mach-o.executable"; includeInIndex = 0; path = if2ktool_findmatch; sourceTree = BUILT_PRODUCTS_DIR; };
		39925CE6081AC0DE00F5ECD3 /* if2ktool_findmatch.cpp */ = {isa = PBXFileReference; fileEncoding = 30; lastKnownFileType = sourcecode.cpp.cpp; name = if2ktool_findmatch.cpp; path = ../../tools/if2ktool_findmatch.cpp; sourceTree = SOURCE_ROOT; };
		39C7A98208185DC200624125 /* if2ktool_compile */ = {isa = PBXFileReference; explicitFileType = "compiled.mach-o.executable"; includeInIndex = 0; path = if2ktool_compile; sourceTree = BUILT_PRODUCTS_DIR; };
		39C7A98508185DF300624125 /* if2ktool_compile.cpp */ = {isa = PBXFileReference; fileEncoding = 30; lastKnownFileType = sourcecode.cpp.cpp; name = if2ktool_compile.cpp; path = ../../tools/if2ktool_compile.cpp; sourceTree = SOURCE_ROOT; };
		39C7A98708185E0400624125 /* if2kkernel.xcodeproj */ = {isa = PBXFileReference; lastKnownFileType = "wrapper.pb-project"; name = if2kkernel.xcodeproj; path = if2kkernel/if2kkernel.xcodeproj; sourceTree = "<group>"; };
		39C906890818B7750013D9C8 /* if2ktool_compile_all.cpp */ = {isa = PBXFileReference; fileEncoding = 30; lastKnownFileType = sourcecode.cpp.cpp; name = if2ktool_compile_all.cpp; path = ../../tools/if2ktool_compile_all.cpp; sourceTree = SOURCE_ROOT; };
/* End PBXFileReference section */

/* Begin PBXFrameworksBuildPhase section */
		3921AC4C081B42500087A4A3 /* Frameworks */ = {
			isa = PBXFrameworksBuildPhase;
			buildActionMask = 2147483647;
			files = (
				BF99015D0B14A0A10093EE54 /* libif2kkernel.a in Frameworks */,
			);
			runOnlyForDeploymentPostprocessing = 0;
		};
		396B6307081B3FE700979475 /* Frameworks */ = {
			isa = PBXFrameworksBuildPhase;
			buildActionMask = 2147483647;
			files = (
				BF99015E0B14A0A50093EE54 /* libif2kkernel.a in Frameworks */,
			);
			runOnlyForDeploymentPostprocessing = 0;
		};
		39925CDD081AC09200F5ECD3 /* Frameworks */ = {
			isa = PBXFrameworksBuildPhase;
			buildActionMask = 2147483647;
			files = (
				BF99015F0B14A0AC0093EE54 /* libif2kkernel.a in Frameworks */,
			);
			runOnlyForDeploymentPostprocessing = 0;
		};
		39C7A98008185DC200624125 /* Frameworks */ = {
			isa = PBXFrameworksBuildPhase;
			buildActionMask = 2147483647;
			files = (
				BF99015C0B14A09D0093EE54 /* libif2kkernel.a in Frameworks */,
			);
			runOnlyForDeploymentPostprocessing = 0;
		};
/* End PBXFrameworksBuildPhase section */

/* Begin PBXGroup section */
		39C7A97508185D8800624125 = {
			isa = PBXGroup;
			children = (
				39C7A98508185DF300624125 /* if2ktool_compile.cpp */,
				39C906890818B7750013D9C8 /* if2ktool_compile_all.cpp */,
				3991AA95081B37FC006FD042 /* if2ktool_expander.cpp */,
				39925CE6081AC0DE00F5ECD3 /* if2ktool_findmatch.cpp */,
				39C7A98708185E0400624125 /* if2kkernel.xcodeproj */,
				39C7A98308185DC200624125 /* Products */,
			);
			sourceTree = "<group>";
		};
		39C7A98308185DC200624125 /* Products */ = {
			isa = PBXGroup;
			children = (
				39C7A98208185DC200624125 /* if2ktool_compile */,
				39925CDF081AC09200F5ECD3 /* if2ktool_findmatch */,
				396B6309081B3FE700979475 /* if2ktool_expander */,
				3921AC4E081B42500087A4A3 /* if2ktool_compile_all */,
			);
			name = Products;
			sourceTree = "<group>";
		};
		BF75775708E71C94001747B5 /* Products */ = {
			isa = PBXGroup;
			children = (
				BF75775B08E71C94001747B5 /* libif2kkernel.a */,
			);
			name = Products;
			sourceTree = "<group>";
		};
/* End PBXGroup section */

/* Begin PBXNativeTarget section */
		3921AC4D081B42500087A4A3 /* if2ktool_compile_all */ = {
			isa = PBXNativeTarget;
			buildConfigurationList = BF2C67ED08E71B8700BE5514 /* Build configuration list for PBXNativeTarget "if2ktool_compile_all" */;
			buildPhases = (
				3921AC4B081B42500087A4A3 /* Sources */,
				3921AC4C081B42500087A4A3 /* Frameworks */,
			);
			buildRules = (
			);
			dependencies = (
				BF9901750B14A11F0093EE54 /* PBXTargetDependency */,
			);
			name = if2ktool_compile_all;
			productName = if2ktool_compile_all;
			productReference = 3921AC4E081B42500087A4A3 /* if2ktool_compile_all */;
			productType = "com.apple.product-type.tool";
		};
		396B6308081B3FE700979475 /* if2ktool_expander */ = {
			isa = PBXNativeTarget;
			buildConfigurationList = BF2C67E908E71B8700BE5514 /* Build configuration list for PBXNativeTarget "if2ktool_expander" */;
			buildPhases = (
				396B6306081B3FE700979475 /* Sources */,
				396B6307081B3FE700979475 /* Frameworks */,
			);
			buildRules = (
			);
			dependencies = (
				BF9901790B14A1270093EE54 /* PBXTargetDependency */,
			);
			name = if2ktool_expander;
			productName = if2ktool_expander;
			productReference = 396B6309081B3FE700979475 /* if2ktool_expander */;
			productType = "com.apple.product-type.tool";
		};
		39925CDE081AC09200F5ECD3 /* if2ktool_findmatch */ = {
			isa = PBXNativeTarget;
			buildConfigurationList = BF2C67E508E71B8700BE5514 /* Build configuration list for PBXNativeTarget "if2ktool_findmatch" */;
			buildPhases = (
				39925CDC081AC09200F5ECD3 /* Sources */,
				39925CDD081AC09200F5ECD3 /* Frameworks */,
			);
			buildRules = (
			);
			dependencies = (
				BF99017D0B14A1310093EE54 /* PBXTargetDependency */,
			);
			name = if2ktool_findmatch;
			productName = if2ktool_findmatch;
			productReference = 39925CDF081AC09200F5ECD3 /* if2ktool_findmatch */;
			productType = "com.apple.product-type.tool";
		};
		39C7A98108185DC200624125 /* if2ktool_compile */ = {
			isa = PBXNativeTarget;
			buildConfigurationList = BF2C67E108E71B8700BE5514 /* Build configuration list for PBXNativeTarget "if2ktool_compile" */;
			buildPhases = (
				39C7A97F08185DC200624125 /* Sources */,
				39C7A98008185DC200624125 /* Frameworks */,
			);
			buildRules = (
			);
			dependencies = (
				BF9901710B14A1160093EE54 /* PBXTargetDependency */,
			);
			name = if2ktool_compile;
			productName = if2ktool_compile;
			productReference = 39C7A98208185DC200624125 /* if2ktool_compile */;
			productType = "com.apple.product-type.tool";
		};
/* End PBXNativeTarget section */

/* Begin PBXProject section */
		39C7A97908185D8800624125 /* Project object */ = {
			isa = PBXProject;
			buildConfigurationList = BF2C67F508E71B8700BE5514 /* Build configuration list for PBXProject "tools" */;
			hasScannedForEncodings = 0;
			mainGroup = 39C7A97508185D8800624125;
			productRefGroup = 39C7A98308185DC200624125 /* Products */;
			projectDirPath = "";
			projectReferences = (
				{
					ProductGroup = BF75775708E71C94001747B5 /* Products */;
					ProjectRef = 39C7A98708185E0400624125 /* if2kkernel.xcodeproj */;
				},
			);
			targets = (
				BF9901850B14A1670093EE54 /* all */,
				39C7A98108185DC200624125 /* if2ktool_compile */,
				3921AC4D081B42500087A4A3 /* if2ktool_compile_all */,
				396B6308081B3FE700979475 /* if2ktool_expander */,
				39925CDE081AC09200F5ECD3 /* if2ktool_findmatch */,
			);
		};
/* End PBXProject section */

/* Begin PBXReferenceProxy section */
		BF75775B08E71C94001747B5 /* libif2kkernel.a */ = {
			isa = PBXReferenceProxy;
			fileType = archive.ar;
			path = libif2kkernel.a;
			remoteRef = BF75775A08E71C94001747B5 /* PBXContainerItemProxy */;
			sourceTree = BUILT_PRODUCTS_DIR;
		};
/* End PBXReferenceProxy section */

/* Begin PBXSourcesBuildPhase section */
		3921AC4B081B42500087A4A3 /* Sources */ = {
			isa = PBXSourcesBuildPhase;
			buildActionMask = 2147483647;
			files = (
				3921AC50081B42630087A4A3 /* if2ktool_compile_all.cpp in Sources */,
			);
			runOnlyForDeploymentPostprocessing = 0;
		};
		396B6306081B3FE700979475 /* Sources */ = {
			isa = PBXSourcesBuildPhase;
			buildActionMask = 2147483647;
			files = (
				396B630B081B3FFD00979475 /* if2ktool_expander.cpp in Sources */,
			);
			runOnlyForDeploymentPostprocessing = 0;
		};
		39925CDC081AC09200F5ECD3 /* Sources */ = {
			isa = PBXSourcesBuildPhase;
			buildActionMask = 2147483647;
			files = (
				39925CE7081AC0DE00F5ECD3 /* if2ktool_findmatch.cpp in Sources */,
			);
			runOnlyForDeploymentPostprocessing = 0;
		};
		39C7A97F08185DC200624125 /* Sources */ = {
			isa = PBXSourcesBuildPhase;
			buildActionMask = 2147483647;
			files = (
				39C7A98608185DF300624125 /* if2ktool_compile.cpp in Sources */,
			);
			runOnlyForDeploymentPostprocessing = 0;
		};
/* End PBXSourcesBuildPhase section */

/* Begin PBXTargetDependency section */
		BF9901710B14A1160093EE54 /* PBXTargetDependency */ = {
			isa = PBXTargetDependency;
			name = if2kkernel;
			targetProxy = BF9901700B14A1160093EE54 /* PBXContainerItemProxy */;
		};
		BF9901750B14A11F0093EE54 /* PBXTargetDependency */ = {
			isa = PBXTargetDependency;
			name = if2kkernel;
			targetProxy = BF9901740B14A11F0093EE54 /* PBXContainerItemProxy */;
		};
		BF9901790B14A1270093EE54 /* PBXTargetDependency */ = {
			isa = PBXTargetDependency;
			name = if2kkernel;
			targetProxy = BF9901780B14A1270093EE54 /* PBXContainerItemProxy */;
		};
		BF99017D0B14A1310093EE54 /* PBXTargetDependency */ = {
			isa = PBXTargetDependency;
			name = if2kkernel;
			targetProxy = BF99017C0B14A1310093EE54 /* PBXContainerItemProxy */;
		};
		BF9901870B14A1750093EE54 /* PBXTargetDependency */ = {
			isa = PBXTargetDependency;
			target = 39C7A98108185DC200624125 /* if2ktool_compile */;
			targetProxy = BF9901860B14A1750093EE54 /* PBXContainerItemProxy */;
		};
		BF9901890B14A1780093EE54 /* PBXTargetDependency */ = {
			isa = PBXTargetDependency;
			target = 3921AC4D081B42500087A4A3 /* if2ktool_compile_all */;
			targetProxy = BF9901880B14A1780093EE54 /* PBXContainerItemProxy */;
		};
		BF99018B0B14A17B0093EE54 /* PBXTargetDependency */ = {
			isa = PBXTargetDependency;
			target = 396B6308081B3FE700979475 /* if2ktool_expander */;
			targetProxy = BF99018A0B14A17B0093EE54 /* PBXContainerItemProxy */;
		};
		BF99018D0B14A17F0093EE54 /* PBXTargetDependency */ = {
			isa = PBXTargetDependency;
			target = 39925CDE081AC09200F5ECD3 /* if2ktool_findmatch */;
			targetProxy = BF99018C0B14A17F0093EE54 /* PBXContainerItemProxy */;
		};
/* End PBXTargetDependency section */

/* Begin XCBuildConfiguration section */
		BF2C67E208E71B8700BE5514 /* Development */ = {
			isa = XCBuildConfiguration;
			buildSettings = {
				COPY_PHASE_STRIP = NO;
				HEADER_SEARCH_PATHS = ../../include;
				INSTALL_PATH = /usr/local/bin;
				LIBRARY_SEARCH_PATHS = "";
				OTHER_CFLAGS = "";
				OTHER_LDFLAGS = "";
				OTHER_REZFLAGS = "";
				PRODUCT_NAME = if2ktool_compile;
				SECTORDER_FLAGS = "";
				WARNING_CFLAGS = (
					"-Wmost",
					"-Wno-four-char-constants",
					"-Wno-unknown-pragmas",
				);
			};
			name = Development;
		};
		BF2C67E308E71B8700BE5514 /* Deployment */ = {
			isa = XCBuildConfiguration;
			buildSettings = {
				COPY_PHASE_STRIP = YES;
				HEADER_SEARCH_PATHS = ../../include;
				INSTALL_PATH = /usr/local/bin;
				LIBRARY_SEARCH_PATHS = "";
				OTHER_CFLAGS = "";
				OTHER_LDFLAGS = "";
				OTHER_REZFLAGS = "";
				PRODUCT_NAME = if2ktool_compile;
				SECTORDER_FLAGS = "";
				WARNING_CFLAGS = (
					"-Wmost",
					"-Wno-four-char-constants",
					"-Wno-unknown-pragmas",
				);
			};
			name = Deployment;
		};
		BF2C67E408E71B8700BE5514 /* Default */ = {
			isa = XCBuildConfiguration;
			buildSettings = {
				HEADER_SEARCH_PATHS = ../../include;
				INSTALL_PATH = /usr/local/bin;
				OTHER_CFLAGS = "";
				OTHER_LDFLAGS = "";
				OTHER_REZFLAGS = "";
				PRODUCT_NAME = if2ktool_compile;
				SECTORDER_FLAGS = "";
				WARNING_CFLAGS = (
					"-Wmost",
					"-Wno-four-char-constants",
					"-Wno-unknown-pragmas",
				);
			};
			name = Default;
		};
		BF2C67E608E71B8700BE5514 /* Development */ = {
			isa = XCBuildConfiguration;
			buildSettings = {
				COPY_PHASE_STRIP = NO;
				HEADER_SEARCH_PATHS = ../../include;
				INSTALL_PATH = /usr/local/bin;
				LIBRARY_SEARCH_PATHS = "";
				OTHER_CFLAGS = "";
				OTHER_LDFLAGS = "";
				OTHER_REZFLAGS = "";
				PRODUCT_NAME = if2ktool_findmatch;
				SECTORDER_FLAGS = "";
				WARNING_CFLAGS = (
					"-Wmost",
					"-Wno-four-char-constants",
					"-Wno-unknown-pragmas",
				);
			};
			name = Development;
		};
		BF2C67E708E71B8700BE5514 /* Deployment */ = {
			isa = XCBuildConfiguration;
			buildSettings = {
				COPY_PHASE_STRIP = YES;
				HEADER_SEARCH_PATHS = ../../include;
				INSTALL_PATH = /usr/local/bin;
				LIBRARY_SEARCH_PATHS = "";
				OTHER_CFLAGS = "";
				OTHER_LDFLAGS = "";
				OTHER_REZFLAGS = "";
				PRODUCT_NAME = if2ktool_findmatch;
				SECTORDER_FLAGS = "";
				WARNING_CFLAGS = (
					"-Wmost",
					"-Wno-four-char-constants",
					"-Wno-unknown-pragmas",
				);
			};
			name = Deployment;
		};
		BF2C67E808E71B8700BE5514 /* Default */ = {
			isa = XCBuildConfiguration;
			buildSettings = {
				HEADER_SEARCH_PATHS = ../../include;
				INSTALL_PATH = /usr/local/bin;
				LIBRARY_SEARCH_PATHS = "";
				OTHER_CFLAGS = "";
				OTHER_LDFLAGS = "";
				OTHER_REZFLAGS = "";
				PRODUCT_NAME = if2ktool_findmatch;
				SECTORDER_FLAGS = "";
				WARNING_CFLAGS = (
					"-Wmost",
					"-Wno-four-char-constants",
					"-Wno-unknown-pragmas",
				);
			};
			name = Default;
		};
		BF2C67EA08E71B8700BE5514 /* Development */ = {
			isa = XCBuildConfiguration;
			buildSettings = {
				COPY_PHASE_STRIP = NO;
				HEADER_SEARCH_PATHS = ../../include;
				INSTALL_PATH = /usr/local/bin;
				LIBRARY_SEARCH_PATHS = "";
				OTHER_CFLAGS = "";
				OTHER_LDFLAGS = "";
				OTHER_REZFLAGS = "";
				PRODUCT_NAME = if2ktool_expander;
				SECTORDER_FLAGS = "";
				WARNING_CFLAGS = (
					"-Wmost",
					"-Wno-four-char-constants",
					"-Wno-unknown-pragmas",
				);
			};
			name = Development;
		};
		BF2C67EB08E71B8700BE5514 /* Deployment */ = {
			isa = XCBuildConfiguration;
			buildSettings = {
				COPY_PHASE_STRIP = YES;
				HEADER_SEARCH_PATHS = ../../include;
				INSTALL_PATH = /usr/local/bin;
				LIBRARY_SEARCH_PATHS = "";
				OTHER_CFLAGS = "";
				OTHER_LDFLAGS = "";
				OTHER_REZFLAGS = "";
				PRODUCT_NAME = if2ktool_expander;
				SECTORDER_FLAGS = "";
				WARNING_CFLAGS = (
					"-Wmost",
					"-Wno-four-char-constants",
					"-Wno-unknown-pragmas",
				);
			};
			name = Deployment;
		};
		BF2C67EC08E71B8700BE5514 /* Default */ = {
			isa = XCBuildConfiguration;
			buildSettings = {
				HEADER_SEARCH_PATHS = ../../include;
				INSTALL_PATH = /usr/local/bin;
				OTHER_CFLAGS = "";
				OTHER_LDFLAGS = "";
				OTHER_REZFLAGS = "";
				PRODUCT_NAME = if2ktool_expander;
				SECTORDER_FLAGS = "";
				WARNING_CFLAGS = (
					"-Wmost",
					"-Wno-four-char-constants",
					"-Wno-unknown-pragmas",
				);
			};
			name = Default;
		};
		BF2C67EE08E71B8700BE5514 /* Development */ = {
			isa = XCBuildConfiguration;
			buildSettings = {
				COPY_PHASE_STRIP = NO;
				HEADER_SEARCH_PATHS = ../../include;
				INSTALL_PATH = /usr/local/bin;
				LIBRARY_SEARCH_PATHS = "";
				OTHER_CFLAGS = "";
				OTHER_LDFLAGS = "";
				OTHER_REZFLAGS = "";
				PRODUCT_NAME = if2ktool_compile_all;
				SECTORDER_FLAGS = "";
				WARNING_CFLAGS = (
					"-Wmost",
					"-Wno-four-char-constants",
					"-Wno-unknown-pragmas",
				);
			};
			name = Development;
		};
		BF2C67EF08E71B8700BE5514 /* Deployment */ = {
			isa = XCBuildConfiguration;
			buildSettings = {
				COPY_PHASE_STRIP = YES;
				HEADER_SEARCH_PATHS = ../../include;
				INSTALL_PATH = /usr/local/bin;
				LIBRARY_SEARCH_PATHS = "";
				OTHER_CFLAGS = "";
				OTHER_LDFLAGS = "";
				OTHER_REZFLAGS = "";
				PRODUCT_NAME = if2ktool_compile_all;
				SECTORDER_FLAGS = "";
				WARNING_CFLAGS = (
					"-Wmost",
					"-Wno-four-char-constants",
					"-Wno-unknown-pragmas",
				);
			};
			name = Deployment;
		};
		BF2C67F008E71B8700BE5514 /* Default */ = {
			isa = XCBuildConfiguration;
			buildSettings = {
				HEADER_SEARCH_PATHS = ../../include;
				INSTALL_PATH = /usr/local/bin;
				OTHER_CFLAGS = "";
				OTHER_LDFLAGS = "";
				OTHER_REZFLAGS = "";
				PRODUCT_NAME = if2ktool_compile_all;
				SECTORDER_FLAGS = "";
				WARNING_CFLAGS = (
					"-Wmost",
					"-Wno-four-char-constants",
					"-Wno-unknown-pragmas",
				);
			};
			name = Default;
		};
		BF2C67F608E71B8700BE5514 /* Development */ = {
			isa = XCBuildConfiguration;
			buildSettings = {
				ARCHS = (
					ppc,
					i386,
				);
				HEADER_SEARCH_PATHS = "";
				MACOSX_DEPLOYMENT_TARGET = 10.4;
				PREBINDING = NO;
				SDKROOT = /Developer/SDKs/MacOSX10.4u.sdk;
			};
			name = Development;
		};
		BF2C67F708E71B8700BE5514 /* Deployment */ = {
			isa = XCBuildConfiguration;
			buildSettings = {
				ARCHS = (
					ppc,
					i386,
				);
				HEADER_SEARCH_PATHS = "";
				MACOSX_DEPLOYMENT_TARGET = 10.4;
				PREBINDING = NO;
				SDKROOT = /Developer/SDKs/MacOSX10.4u.sdk;
			};
			name = Deployment;
		};
		BF2C67F808E71B8700BE5514 /* Default */ = {
			isa = XCBuildConfiguration;
			buildSettings = {
				ARCHS = (
					ppc,
					i386,
				);
				HEADER_SEARCH_PATHS = "";
				MACOSX_DEPLOYMENT_TARGET = 10.4;
				SDKROOT = /Developer/SDKs/MacOSX10.4u.sdk;
			};
			name = Default;
		};
		BF9901990B14A1E60093EE54 /* Development */ = {
			isa = XCBuildConfiguration;
			buildSettings = {
				COPY_PHASE_STRIP = NO;
				GCC_DYNAMIC_NO_PIC = NO;
				GCC_GENERATE_DEBUGGING_SYMBOLS = YES;
				GCC_OPTIMIZATION_LEVEL = 0;
				PRODUCT_NAME = all;
			};
			name = Development;
		};
		BF99019A0B14A1E60093EE54 /* Deployment */ = {
			isa = XCBuildConfiguration;
			buildSettings = {
				COPY_PHASE_STRIP = YES;
				GCC_ENABLE_FIX_AND_CONTINUE = NO;
				GCC_GENERATE_DEBUGGING_SYMBOLS = NO;
				PRODUCT_NAME = all;
				ZERO_LINK = NO;
			};
			name = Deployment;
		};
		BF99019B0B14A1E60093EE54 /* Default */ = {
			isa = XCBuildConfiguration;
			buildSettings = {
				PRODUCT_NAME = all;
			};
			name = Default;
		};
/* End XCBuildConfiguration section */

/* Begin XCConfigurationList section */
		BF2C67E108E71B8700BE5514 /* Build configuration list for PBXNativeTarget "if2ktool_compile" */ = {
			isa = XCConfigurationList;
			buildConfigurations = (
				BF2C67E208E71B8700BE5514 /* Development */,
				BF2C67E308E71B8700BE5514 /* Deployment */,
				BF2C67E408E71B8700BE5514 /* Default */,
			);
			defaultConfigurationIsVisible = 0;
			defaultConfigurationName = Default;
		};
		BF2C67E508E71B8700BE5514 /* Build configuration list for PBXNativeTarget "if2ktool_findmatch" */ = {
			isa = XCConfigurationList;
			buildConfigurations = (
				BF2C67E608E71B8700BE5514 /* Development */,
				BF2C67E708E71B8700BE5514 /* Deployment */,
				BF2C67E808E71B8700BE5514 /* Default */,
			);
			defaultConfigurationIsVisible = 0;
			defaultConfigurationName = Default;
		};
		BF2C67E908E71B8700BE5514 /* Build configuration list for PBXNativeTarget "if2ktool_expander" */ = {
			isa = XCConfigurationList;
			buildConfigurations = (
				BF2C67EA08E71B8700BE5514 /* Development */,
				BF2C67EB08E71B8700BE5514 /* Deployment */,
				BF2C67EC08E71B8700BE5514 /* Default */,
			);
			defaultConfigurationIsVisible = 0;
			defaultConfigurationName = Default;
		};
		BF2C67ED08E71B8700BE5514 /* Build configuration list for PBXNativeTarget "if2ktool_compile_all" */ = {
			isa = XCConfigurationList;
			buildConfigurations = (
				BF2C67EE08E71B8700BE5514 /* Development */,
				BF2C67EF08E71B8700BE5514 /* Deployment */,
				BF2C67F008E71B8700BE5514 /* Default */,
			);
			defaultConfigurationIsVisible = 0;
			defaultConfigurationName = Default;
		};
		BF2C67F508E71B8700BE5514 /* Build configuration list for PBXProject "tools" */ = {
			isa = XCConfigurationList;
			buildConfigurations = (
				BF2C67F608E71B8700BE5514 /* Development */,
				BF2C67F708E71B8700BE5514 /* Deployment */,
				BF2C67F808E71B8700BE5514 /* Default */,
			);
			defaultConfigurationIsVisible = 0;
			defaultConfigurationName = Default;
		};
		BF9901980B14A1E60093EE54 /* Build configuration list for PBXAggregateTarget "all" */ = {
			isa = XCConfigurationList;
			buildConfigurations = (
				BF9901990B14A1E60093EE54 /* Development */,
				BF99019A0B14A1E60093EE54 /* Deployment */,
				BF99019B0B14A1E60093EE54 /* Default */,
			);
			defaultConfigurationIsVisible = 0;
			defaultConfigurationName = Default;
		};
/* End XCConfigurationList section */
	};
	rootObject = 39C7A97908185D8800624125 /* Project object */;
}
