
Microsoft Visual Studio Solution File, Format Version 9.00
# Visual Studio 2005
Project("{8BC9CEB8-8B4A-11D0-8D11-00A0C91BC942}") = "if2kkernel", "lib\if2kkernel.vcproj", "{B1D1978F-6AED-484E-94E9-38614F0A1732}"
EndProject
Project("{8BC9CEB8-8B4A-11D0-8D11-00A0C91BC942}") = "if2ktool_compile_all", "tools\if2ktool_compile_all\if2ktool_compile_all.vcproj", "{D947CF11-1628-4143-8D98-AE7D66E956D5}"
	ProjectSection(ProjectDependencies) = postProject
		{B1D1978F-6AED-484E-94E9-38614F0A1732} = {B1D1978F-6AED-484E-94E9-38614F0A1732}
	EndProjectSection
EndProject
Project("{8BC9CEB8-8B4A-11D0-8D11-00A0C91BC942}") = "if2ktool_expander", "TOOLS\if2ktool_expander\if2ktool_expander.vcproj", "{164E404C-1405-422B-BD89-BD5D3F03801F}"
	ProjectSection(ProjectDependencies) = postProject
		{B1D1978F-6AED-484E-94E9-38614F0A1732} = {B1D1978F-6AED-484E-94E9-38614F0A1732}
	EndProjectSection
EndProject
Project("{8BC9CEB8-8B4A-11D0-8D11-00A0C91BC942}") = "if2ktool_findmatch", "tools\if2ktool_findmatch\if2ktool_findmatch.vcproj", "{DAC489EE-B5BE-4F50-954D-B20EBF2B2E66}"
	ProjectSection(ProjectDependencies) = postProject
		{B1D1978F-6AED-484E-94E9-38614F0A1732} = {B1D1978F-6AED-484E-94E9-38614F0A1732}
	EndProjectSection
EndProject
Global
	GlobalSection(SolutionConfigurationPlatforms) = preSolution
		Debug|Win32 = Debug|Win32
		Release|Win32 = Release|Win32
	EndGlobalSection
	GlobalSection(ProjectConfigurationPlatforms) = postSolution
		{B1D1978F-6AED-484E-94E9-38614F0A1732}.Debug|Win32.ActiveCfg = Debug|Win32
		{B1D1978F-6AED-484E-94E9-38614F0A1732}.Debug|Win32.Build.0 = Debug|Win32
		{B1D1978F-6AED-484E-94E9-38614F0A1732}.Release|Win32.ActiveCfg = Release|Win32
		{B1D1978F-6AED-484E-94E9-38614F0A1732}.Release|Win32.Build.0 = Release|Win32
		{D947CF11-1628-4143-8D98-AE7D66E956D5}.Debug|Win32.ActiveCfg = Debug|Win32
		{D947CF11-1628-4143-8D98-AE7D66E956D5}.Debug|Win32.Build.0 = Debug|Win32
		{D947CF11-1628-4143-8D98-AE7D66E956D5}.Release|Win32.ActiveCfg = Release|Win32
		{D947CF11-1628-4143-8D98-AE7D66E956D5}.Release|Win32.Build.0 = Release|Win32
		{164E404C-1405-422B-BD89-BD5D3F03801F}.Debug|Win32.ActiveCfg = Debug|Win32
		{164E404C-1405-422B-BD89-BD5D3F03801F}.Debug|Win32.Build.0 = Debug|Win32
		{164E404C-1405-422B-BD89-BD5D3F03801F}.Release|Win32.ActiveCfg = Release|Win32
		{164E404C-1405-422B-BD89-BD5D3F03801F}.Release|Win32.Build.0 = Release|Win32
		{DAC489EE-B5BE-4F50-954D-B20EBF2B2E66}.Debug|Win32.ActiveCfg = Debug|Win32
		{DAC489EE-B5BE-4F50-954D-B20EBF2B2E66}.Debug|Win32.Build.0 = Debug|Win32
		{DAC489EE-B5BE-4F50-954D-B20EBF2B2E66}.Release|Win32.ActiveCfg = Release|Win32
		{DAC489EE-B5BE-4F50-954D-B20EBF2B2E66}.Release|Win32.Build.0 = Release|Win32
	EndGlobalSection
	GlobalSection(SolutionProperties) = preSolution
		HideSolutionNode = FALSE
	EndGlobalSection
EndGlobal
